
Microsoft Visual Studio Solution File, Format Version 12.00
# Visual Studio Version 16
VisualStudioVersion = 16.0.31313.79
MinimumVisualStudioVersion = 10.0.40219.1
Project("{FAE04EC0-301F-11D3-BF4B-00C04F79EFBC}") = "SudokuSolver", "SudokuSolver\SudokuSolver.csproj", "{F1154798-A6C5-48A7-8188-8C9E49F3939C}"
EndProject
Global
	GlobalSection(SolutionConfigurationPlatforms) = preSolution
		Debug|Any CPU = Debug|Any CPU
		Release|Any CPU = Release|Any CPU
	EndGlobalSection
	GlobalSection(ProjectConfigurationPlatforms) = postSolution
		{F1154798-A6C5-48A7-8188-8C9E49F3939C}.Debug|Any CPU.ActiveCfg = Debug|Any CPU
		{F1154798-A6C5-48A7-8188-8C9E49F3939C}.Debug|Any CPU.Build.0 = Debug|Any CPU
		{F1154798-A6C5-48A7-8188-8C9E49F3939C}.Release|Any CPU.ActiveCfg = Release|Any CPU
		{F1154798-A6C5-48A7-8188-8C9E49F3939C}.Release|Any CPU.Build.0 = Release|Any CPU
	EndGlobalSection
	GlobalSection(SolutionProperties) = preSolution
		HideSolutionNode = FALSE
	EndGlobalSection
	GlobalSection(ExtensibilityGlobals) = postSolution
		SolutionGuid = {9DE858B0-0FB8-435A-95CD-D40150C84BEF}
	EndGlobalSection
EndGlobal
